
Microsoft Visual Studio Solution File, Format Version 12.00
# Visual Studio Version 17
VisualStudioVersion = 17.8.34330.188
MinimumVisualStudioVersion = 10.0.40219.1
Project("{FAE04EC0-301F-11D3-BF4B-00C04F79EFBC}") = "UZonMailProPlugin", "UZonMailProPlugin\UZonMailProPlugin.csproj", "{E1E4E8C8-08F4-4AEE-BC3D-947C3B40BAE4}"
EndProject
Global
	GlobalSection(SolutionConfigurationPlatforms) = preSolution
		Debug|Any CPU = Debug|Any CPU
		Release|Any CPU = Release|Any CPU
	EndGlobalSection
	GlobalSection(ProjectConfigurationPlatforms) = postSolution
		{E1E4E8C8-08F4-4AEE-BC3D-947C3B40BAE4}.Debug|Any CPU.ActiveCfg = Debug|Any CPU
		{E1E4E8C8-08F4-4AEE-BC3D-947C3B40BAE4}.Debug|Any CPU.Build.0 = Debug|Any CPU
		{E1E4E8C8-08F4-4AEE-BC3D-947C3B40BAE4}.Release|Any CPU.ActiveCfg = Release|Any CPU
		{E1E4E8C8-08F4-4AEE-BC3D-947C3B40BAE4}.Release|Any CPU.Build.0 = Release|Any CPU
	EndGlobalSection
	GlobalSection(SolutionProperties) = preSolution
		HideSolutionNode = FALSE
	EndGlobalSection
	GlobalSection(ExtensibilityGlobals) = postSolution
		SolutionGuid = {989FED09-4202-4257-852F-48E5F6F1ED0D}
	EndGlobalSection
EndGlobal
